
Microsoft Visual Studio Solution File, Format Version 12.00
# Visual Studio Version 17
VisualStudioVersion = 17.5.2.0
MinimumVisualStudioVersion = 10.0.40219.1
Project("{2150E333-8FDC-42A3-9474-1A3956D46DE8}") = "Logica", "Logica", "{E1E830C7-F69F-0972-3FD2-A41438E4C4E2}"
EndProject
Project("{2150E333-8FDC-42A3-9474-1A3956D46DE8}") = "MicroProducto", "MicroProducto", "{ECCD318B-7138-B384-B723-C048C7D47546}"
EndProject
Project("{FAE04EC0-301F-11D3-BF4B-00C04F79EFBC}") = "MicroProducto", "Logica\MicroProducto\MicroProducto\MicroProducto.csproj", "{9D27B131-8D69-4DBB-7933-FC01051AF0E0}"
EndProject
Project("{2150E333-8FDC-42A3-9474-1A3956D46DE8}") = "MicroCarrito", "MicroCarrito", "{712E0DE1-E16B-85BC-3794-0F1046467E5E}"
EndProject
Project("{FAE04EC0-301F-11D3-BF4B-00C04F79EFBC}") = "MicroCarrito", "Logica\MicroCarrito\MicroCarrito\MicroCarrito.csproj", "{E7BE5E37-F878-4D40-9243-0EBCB5D3FFEE}"
EndProject
Global
	GlobalSection(SolutionConfigurationPlatforms) = preSolution
		Debug|Any CPU = Debug|Any CPU
		Debug|x64 = Debug|x64
		Debug|x86 = Debug|x86
		Release|Any CPU = Release|Any CPU
		Release|x64 = Release|x64
		Release|x86 = Release|x86
	EndGlobalSection
	GlobalSection(ProjectConfigurationPlatforms) = postSolution
		{9D27B131-8D69-4DBB-7933-FC01051AF0E0}.Debug|Any CPU.ActiveCfg = Debug|Any CPU
		{9D27B131-8D69-4DBB-7933-FC01051AF0E0}.Debug|Any CPU.Build.0 = Debug|Any CPU
		{9D27B131-8D69-4DBB-7933-FC01051AF0E0}.Debug|x64.ActiveCfg = Debug|Any CPU
		{9D27B131-8D69-4DBB-7933-FC01051AF0E0}.Debug|x64.Build.0 = Debug|Any CPU
		{9D27B131-8D69-4DBB-7933-FC01051AF0E0}.Debug|x86.ActiveCfg = Debug|Any CPU
		{9D27B131-8D69-4DBB-7933-FC01051AF0E0}.Debug|x86.Build.0 = Debug|Any CPU
		{9D27B131-8D69-4DBB-7933-FC01051AF0E0}.Release|Any CPU.ActiveCfg = Release|Any CPU
		{9D27B131-8D69-4DBB-7933-FC01051AF0E0}.Release|Any CPU.Build.0 = Release|Any CPU
		{9D27B131-8D69-4DBB-7933-FC01051AF0E0}.Release|x64.ActiveCfg = Release|Any CPU
		{9D27B131-8D69-4DBB-7933-FC01051AF0E0}.Release|x64.Build.0 = Release|Any CPU
		{9D27B131-8D69-4DBB-7933-FC01051AF0E0}.Release|x86.ActiveCfg = Release|Any CPU
		{9D27B131-8D69-4DBB-7933-FC01051AF0E0}.Release|x86.Build.0 = Release|Any CPU
		{E7BE5E37-F878-4D40-9243-0EBCB5D3FFEE}.Debug|Any CPU.ActiveCfg = Debug|Any CPU
		{E7BE5E37-F878-4D40-9243-0EBCB5D3FFEE}.Debug|Any CPU.Build.0 = Debug|Any CPU
		{E7BE5E37-F878-4D40-9243-0EBCB5D3FFEE}.Debug|x64.ActiveCfg = Debug|Any CPU
		{E7BE5E37-F878-4D40-9243-0EBCB5D3FFEE}.Debug|x64.Build.0 = Debug|Any CPU
		{E7BE5E37-F878-4D40-9243-0EBCB5D3FFEE}.Debug|x86.ActiveCfg = Debug|Any CPU
		{E7BE5E37-F878-4D40-9243-0EBCB5D3FFEE}.Debug|x86.Build.0 = Debug|Any CPU
		{E7BE5E37-F878-4D40-9243-0EBCB5D3FFEE}.Release|Any CPU.ActiveCfg = Release|Any CPU
		{E7BE5E37-F878-4D40-9243-0EBCB5D3FFEE}.Release|Any CPU.Build.0 = Release|Any CPU
		{E7BE5E37-F878-4D40-9243-0EBCB5D3FFEE}.Release|x64.ActiveCfg = Release|Any CPU
		{E7BE5E37-F878-4D40-9243-0EBCB5D3FFEE}.Release|x64.Build.0 = Release|Any CPU
		{E7BE5E37-F878-4D40-9243-0EBCB5D3FFEE}.Release|x86.ActiveCfg = Release|Any CPU
		{E7BE5E37-F878-4D40-9243-0EBCB5D3FFEE}.Release|x86.Build.0 = Release|Any CPU
	EndGlobalSection
	GlobalSection(SolutionProperties) = preSolution
		HideSolutionNode = FALSE
	EndGlobalSection
	GlobalSection(NestedProjects) = preSolution
		{ECCD318B-7138-B384-B723-C048C7D47546} = {E1E830C7-F69F-0972-3FD2-A41438E4C4E2}
		{9D27B131-8D69-4DBB-7933-FC01051AF0E0} = {ECCD318B-7138-B384-B723-C048C7D47546}
		{712E0DE1-E16B-85BC-3794-0F1046467E5E} = {E1E830C7-F69F-0972-3FD2-A41438E4C4E2}
		{E7BE5E37-F878-4D40-9243-0EBCB5D3FFEE} = {712E0DE1-E16B-85BC-3794-0F1046467E5E}
	EndGlobalSection
	GlobalSection(ExtensibilityGlobals) = postSolution
		SolutionGuid = {C0F4CD48-AFD0-491E-952A-6A32ED7C798C}
	EndGlobalSection
EndGlobal
